
Microsoft Visual Studio Solution File, Format Version 12.00
Project("{2150E333-8FDC-42A3-9474-1A3956D46DE8}") = "SolutionItems", "SolutionItems", "{9405A2A2-38A0-4679-BB2D-966807D3BC7F}"
	ProjectSection(SolutionItems) = preProject
		Directory.Packages.props = Directory.Packages.props
		.editorconfig = .editorconfig
	EndProjectSection
EndProject
Project("{2150E333-8FDC-42A3-9474-1A3956D46DE8}") = "src", "src", "{EC7AD9D7-17A2-468D-A62E-FEE5EDAFA4E5}"
EndProject
Project("{2150E333-8FDC-42A3-9474-1A3956D46DE8}") = "test", "test", "{E2478DDE-0902-4CD8-87EE-79C97C1F5FD9}"
EndProject
Project("{9A19103F-16F7-4668-BE54-9A1E7A4F7556}") = "Build", "build\Build.csproj", "{48F23EEA-3A37-4967-9D37-15D11874D462}"
EndProject
Project("{2150E333-8FDC-42A3-9474-1A3956D46DE8}") = "build", "build", "{793DA164-B1A0-4ECD-AA02-835EFAF6C940}"
EndProject
Global
	GlobalSection(SolutionConfigurationPlatforms) = preSolution
		Debug|Any CPU = Debug|Any CPU
		Release|Any CPU = Release|Any CPU
	EndGlobalSection
	GlobalSection(ProjectConfigurationPlatforms) = postSolution
		{48F23EEA-3A37-4967-9D37-15D11874D462}.Debug|Any CPU.ActiveCfg = Debug|Any CPU
		{48F23EEA-3A37-4967-9D37-15D11874D462}.Release|Any CPU.ActiveCfg = Release|Any CPU
	EndGlobalSection
	GlobalSection(NestedProjects) = preSolution
		{48F23EEA-3A37-4967-9D37-15D11874D462} = {793DA164-B1A0-4ECD-AA02-835EFAF6C940}
	EndGlobalSection
EndGlobal
