
Microsoft Visual Studio Solution File, Format Version 12.00
Project("{2150E333-8FDC-42A3-9474-1A3956D46DE8}") = "SolutionItems", "SolutionItems", "{9405A2A2-38A0-4679-BB2D-966807D3BC7F}"
	ProjectSection(SolutionItems) = preProject
		Directory.Packages.props = Directory.Packages.props
		.editorconfig = .editorconfig
		Directory.Build.props = Directory.Build.props
		.gitignore = .gitignore
		Directory.Testing.targets = Directory.Testing.targets
	EndProjectSection
EndProject
Project("{2150E333-8FDC-42A3-9474-1A3956D46DE8}") = "src", "src", "{EC7AD9D7-17A2-468D-A62E-FEE5EDAFA4E5}"
EndProject
Project("{2150E333-8FDC-42A3-9474-1A3956D46DE8}") = "test", "test", "{E2478DDE-0902-4CD8-87EE-79C97C1F5FD9}"
EndProject
Project("{9A19103F-16F7-4668-BE54-9A1E7A4F7556}") = "Build", "build\Build.csproj", "{48F23EEA-3A37-4967-9D37-15D11874D462}"
EndProject
Project("{2150E333-8FDC-42A3-9474-1A3956D46DE8}") = "build", "build", "{793DA164-B1A0-4ECD-AA02-835EFAF6C940}"
EndProject
Project("{FAE04EC0-301F-11D3-BF4B-00C04F79EFBC}") = "Domain", "src\Domain\Domain.csproj", "{E051A63A-665C-49AA-9B31-E83A02649A46}"
EndProject
Project("{FAE04EC0-301F-11D3-BF4B-00C04F79EFBC}") = "Common", "src\Common\Common.csproj", "{B041D7B0-6DA3-4C8A-A3C9-AB7339910AF3}"
EndProject
Project("{FAE04EC0-301F-11D3-BF4B-00C04F79EFBC}") = "Application", "src\Application\Application.csproj", "{AD8C98AA-18D3-45AA-9FF9-E2192E6F7EE7}"
EndProject
Project("{FAE04EC0-301F-11D3-BF4B-00C04F79EFBC}") = "Web", "src\Web\Web.csproj", "{A2549DED-DE90-4B28-BBC4-484F0C6C8BB2}"
EndProject
Project("{FAE04EC0-301F-11D3-BF4B-00C04F79EFBC}") = "Infrastructure", "src\Infrastructure\Infrastructure.csproj", "{16E7C641-8B6F-4137-A70E-D3FCF721E7C0}"
EndProject
Project("{FAE04EC0-301F-11D3-BF4B-00C04F79EFBC}") = "Host", "src\Host\Host.csproj", "{BEAAD6FF-04F1-48E4-8C61-8FD3E31B57F7}"
EndProject
Project("{FAE04EC0-301F-11D3-BF4B-00C04F79EFBC}") = "Domain.UnitTests", "test\Domain.UnitTests\Domain.UnitTests.csproj", "{866E459A-33A8-4CF6-A631-C7AEBD3494EB}"
EndProject
Project("{FAE04EC0-301F-11D3-BF4B-00C04F79EFBC}") = "Application.IntegrationTests", "test\Application.IntegrationTests\Application.IntegrationTests.csproj", "{531BF3F4-67DA-4240-B34D-F9DE68E21288}"
EndProject
Project("{FAE04EC0-301F-11D3-BF4B-00C04F79EFBC}") = "Solution.UnitTests", "test\Solution.UnitTests\Solution.UnitTests.csproj", "{3E5D4A9C-5135-4281-82A8-5ADB2063D5FB}"
EndProject
Project("{FAE04EC0-301F-11D3-BF4B-00C04F79EFBC}") = "Application.UnitTests", "test\Application.UnitTests\Application.UnitTests.csproj", "{0FF2CB0D-E16E-4663-BEA5-9184072FE063}"
EndProject
Global
	GlobalSection(SolutionConfigurationPlatforms) = preSolution
		Debug|Any CPU = Debug|Any CPU
		Release|Any CPU = Release|Any CPU
	EndGlobalSection
	GlobalSection(ProjectConfigurationPlatforms) = postSolution
		{48F23EEA-3A37-4967-9D37-15D11874D462}.Debug|Any CPU.ActiveCfg = Debug|Any CPU
		{48F23EEA-3A37-4967-9D37-15D11874D462}.Release|Any CPU.ActiveCfg = Release|Any CPU
		{E051A63A-665C-49AA-9B31-E83A02649A46}.Debug|Any CPU.ActiveCfg = Debug|Any CPU
		{E051A63A-665C-49AA-9B31-E83A02649A46}.Debug|Any CPU.Build.0 = Debug|Any CPU
		{E051A63A-665C-49AA-9B31-E83A02649A46}.Release|Any CPU.ActiveCfg = Release|Any CPU
		{E051A63A-665C-49AA-9B31-E83A02649A46}.Release|Any CPU.Build.0 = Release|Any CPU
		{B041D7B0-6DA3-4C8A-A3C9-AB7339910AF3}.Debug|Any CPU.ActiveCfg = Debug|Any CPU
		{B041D7B0-6DA3-4C8A-A3C9-AB7339910AF3}.Debug|Any CPU.Build.0 = Debug|Any CPU
		{B041D7B0-6DA3-4C8A-A3C9-AB7339910AF3}.Release|Any CPU.ActiveCfg = Release|Any CPU
		{B041D7B0-6DA3-4C8A-A3C9-AB7339910AF3}.Release|Any CPU.Build.0 = Release|Any CPU
		{AD8C98AA-18D3-45AA-9FF9-E2192E6F7EE7}.Debug|Any CPU.ActiveCfg = Debug|Any CPU
		{AD8C98AA-18D3-45AA-9FF9-E2192E6F7EE7}.Debug|Any CPU.Build.0 = Debug|Any CPU
		{AD8C98AA-18D3-45AA-9FF9-E2192E6F7EE7}.Release|Any CPU.ActiveCfg = Release|Any CPU
		{AD8C98AA-18D3-45AA-9FF9-E2192E6F7EE7}.Release|Any CPU.Build.0 = Release|Any CPU
		{A2549DED-DE90-4B28-BBC4-484F0C6C8BB2}.Debug|Any CPU.ActiveCfg = Debug|Any CPU
		{A2549DED-DE90-4B28-BBC4-484F0C6C8BB2}.Debug|Any CPU.Build.0 = Debug|Any CPU
		{A2549DED-DE90-4B28-BBC4-484F0C6C8BB2}.Release|Any CPU.ActiveCfg = Release|Any CPU
		{A2549DED-DE90-4B28-BBC4-484F0C6C8BB2}.Release|Any CPU.Build.0 = Release|Any CPU
		{16E7C641-8B6F-4137-A70E-D3FCF721E7C0}.Debug|Any CPU.ActiveCfg = Debug|Any CPU
		{16E7C641-8B6F-4137-A70E-D3FCF721E7C0}.Debug|Any CPU.Build.0 = Debug|Any CPU
		{16E7C641-8B6F-4137-A70E-D3FCF721E7C0}.Release|Any CPU.ActiveCfg = Release|Any CPU
		{16E7C641-8B6F-4137-A70E-D3FCF721E7C0}.Release|Any CPU.Build.0 = Release|Any CPU
		{BEAAD6FF-04F1-48E4-8C61-8FD3E31B57F7}.Debug|Any CPU.ActiveCfg = Debug|Any CPU
		{BEAAD6FF-04F1-48E4-8C61-8FD3E31B57F7}.Debug|Any CPU.Build.0 = Debug|Any CPU
		{BEAAD6FF-04F1-48E4-8C61-8FD3E31B57F7}.Release|Any CPU.ActiveCfg = Release|Any CPU
		{BEAAD6FF-04F1-48E4-8C61-8FD3E31B57F7}.Release|Any CPU.Build.0 = Release|Any CPU
		{866E459A-33A8-4CF6-A631-C7AEBD3494EB}.Debug|Any CPU.ActiveCfg = Debug|Any CPU
		{866E459A-33A8-4CF6-A631-C7AEBD3494EB}.Debug|Any CPU.Build.0 = Debug|Any CPU
		{866E459A-33A8-4CF6-A631-C7AEBD3494EB}.Release|Any CPU.ActiveCfg = Release|Any CPU
		{866E459A-33A8-4CF6-A631-C7AEBD3494EB}.Release|Any CPU.Build.0 = Release|Any CPU
		{531BF3F4-67DA-4240-B34D-F9DE68E21288}.Debug|Any CPU.ActiveCfg = Debug|Any CPU
		{531BF3F4-67DA-4240-B34D-F9DE68E21288}.Debug|Any CPU.Build.0 = Debug|Any CPU
		{531BF3F4-67DA-4240-B34D-F9DE68E21288}.Release|Any CPU.ActiveCfg = Release|Any CPU
		{531BF3F4-67DA-4240-B34D-F9DE68E21288}.Release|Any CPU.Build.0 = Release|Any CPU
		{3E5D4A9C-5135-4281-82A8-5ADB2063D5FB}.Debug|Any CPU.ActiveCfg = Debug|Any CPU
		{3E5D4A9C-5135-4281-82A8-5ADB2063D5FB}.Debug|Any CPU.Build.0 = Debug|Any CPU
		{3E5D4A9C-5135-4281-82A8-5ADB2063D5FB}.Release|Any CPU.ActiveCfg = Release|Any CPU
		{3E5D4A9C-5135-4281-82A8-5ADB2063D5FB}.Release|Any CPU.Build.0 = Release|Any CPU
		{0FF2CB0D-E16E-4663-BEA5-9184072FE063}.Debug|Any CPU.ActiveCfg = Debug|Any CPU
		{0FF2CB0D-E16E-4663-BEA5-9184072FE063}.Debug|Any CPU.Build.0 = Debug|Any CPU
		{0FF2CB0D-E16E-4663-BEA5-9184072FE063}.Release|Any CPU.ActiveCfg = Release|Any CPU
		{0FF2CB0D-E16E-4663-BEA5-9184072FE063}.Release|Any CPU.Build.0 = Release|Any CPU
	EndGlobalSection
	GlobalSection(NestedProjects) = preSolution
		{48F23EEA-3A37-4967-9D37-15D11874D462} = {793DA164-B1A0-4ECD-AA02-835EFAF6C940}
		{E051A63A-665C-49AA-9B31-E83A02649A46} = {EC7AD9D7-17A2-468D-A62E-FEE5EDAFA4E5}
		{B041D7B0-6DA3-4C8A-A3C9-AB7339910AF3} = {EC7AD9D7-17A2-468D-A62E-FEE5EDAFA4E5}
		{AD8C98AA-18D3-45AA-9FF9-E2192E6F7EE7} = {EC7AD9D7-17A2-468D-A62E-FEE5EDAFA4E5}
		{A2549DED-DE90-4B28-BBC4-484F0C6C8BB2} = {EC7AD9D7-17A2-468D-A62E-FEE5EDAFA4E5}
		{16E7C641-8B6F-4137-A70E-D3FCF721E7C0} = {EC7AD9D7-17A2-468D-A62E-FEE5EDAFA4E5}
		{866E459A-33A8-4CF6-A631-C7AEBD3494EB} = {E2478DDE-0902-4CD8-87EE-79C97C1F5FD9}
		{531BF3F4-67DA-4240-B34D-F9DE68E21288} = {E2478DDE-0902-4CD8-87EE-79C97C1F5FD9}
		{3E5D4A9C-5135-4281-82A8-5ADB2063D5FB} = {E2478DDE-0902-4CD8-87EE-79C97C1F5FD9}
		{0FF2CB0D-E16E-4663-BEA5-9184072FE063} = {E2478DDE-0902-4CD8-87EE-79C97C1F5FD9}
	EndGlobalSection
EndGlobal
